# Generated by buf. DO NOT EDIT.
version: v1
deps:
  - remote: buf.build
    owner: bufbuild
    repository: protovalidate
    commit: a3320276596649bcad929ac829d451f4
    digest: shake256:a6e5f64fd3fd47e3e8568e9753f59a1566f56c11ec055baf65463d3bca3499f6f16c2d6f5628fa41cfd0f4fa7e72abe65be4efd77d269749492472ed4cc4070d
  - remote: buf.build
    owner: gogo
    repository: protobuf
    commit: e1dbca2775a74a89955a99990de45a53
    digest: shake256:2523041b61927813260d369e632adb1938da2e9a0e10c42c6fca1b38acdb04661046bf20a2d99a7c9fb69676a63f9655147667dca8d49cea1644114fa97c0add
  - remote: buf.build
    owner: googleapis
    repository: googleapis
    commit: c0913f24652a4cfc95f77d97443a5005
    digest: shake256:0ef3248c6235d420fe61f373154adcde6b94e3297f82472b1d8d8c3747240b61b4a10405e2a6f8ac1c98816ac6e690ea7871024aa5ae0e035cd540214667ceed
  - remote: buf.build
    owner: grpc-ecosystem
    repository: grpc-gateway
    commit: a48fcebcf8f140dd9d09359b9bb185a4
    digest: shake256:a926173f0ec3e1a929462c350acda846e546134b5ce2bb83fe44f02f9330a42b1c9b292f64b951b06a4d2c47e2ce4d477d6a2cb31502a15637ada35ecedefcf6
